
Microsoft Visual Studio Solution File, Format Version 12.00
# Visual Studio 15
VisualStudioVersion = 15.0.26228.4
MinimumVisualStudioVersion = 10.0.40219.1
Project("{2150E333-8FDC-42A3-9474-1A3956D46DE8}") = "Solution Items", "Solution Items", "{39124B69-ABA9-4684-820B-81808F78BD8D}"
	ProjectSection(SolutionItems) = preProject
		..\.gitignore = ..\.gitignore
		..\README.md = ..\README.md
	EndProjectSection
EndProject
Project("{FAE04EC0-301F-11D3-BF4B-00C04F79EFBC}") = "TrainingApp", "TrainingApp\TrainingApp.csproj", "{B59345C5-27CE-487B-9217-69E1952EBC09}"
EndProject
Project("{FAE04EC0-301F-11D3-BF4B-00C04F79EFBC}") = "TrainApp.Domain", "TrainApp.Domain\TrainApp.Domain.csproj", "{9D3C213E-1C5F-44AB-A6C4-A732D3DDADAA}"
EndProject
Project("{FAE04EC0-301F-11D3-BF4B-00C04F79EFBC}") = "TrainingApp.Common.ViewModel", "TrainingApp.Common.ViewModel\TrainingApp.Common.ViewModel.csproj", "{DAB19953-42D5-4915-B832-A34C2D3E6FE2}"
EndProject
Global
	GlobalSection(SolutionConfigurationPlatforms) = preSolution
		Debug|Any CPU = Debug|Any CPU
		Release|Any CPU = Release|Any CPU
	EndGlobalSection
	GlobalSection(ProjectConfigurationPlatforms) = postSolution
		{B59345C5-27CE-487B-9217-69E1952EBC09}.Debug|Any CPU.ActiveCfg = Debug|Any CPU
		{B59345C5-27CE-487B-9217-69E1952EBC09}.Debug|Any CPU.Build.0 = Debug|Any CPU
		{B59345C5-27CE-487B-9217-69E1952EBC09}.Release|Any CPU.ActiveCfg = Release|Any CPU
		{B59345C5-27CE-487B-9217-69E1952EBC09}.Release|Any CPU.Build.0 = Release|Any CPU
		{9D3C213E-1C5F-44AB-A6C4-A732D3DDADAA}.Debug|Any CPU.ActiveCfg = Debug|Any CPU
		{9D3C213E-1C5F-44AB-A6C4-A732D3DDADAA}.Debug|Any CPU.Build.0 = Debug|Any CPU
		{9D3C213E-1C5F-44AB-A6C4-A732D3DDADAA}.Release|Any CPU.ActiveCfg = Release|Any CPU
		{9D3C213E-1C5F-44AB-A6C4-A732D3DDADAA}.Release|Any CPU.Build.0 = Release|Any CPU
		{DAB19953-42D5-4915-B832-A34C2D3E6FE2}.Debug|Any CPU.ActiveCfg = Debug|Any CPU
		{DAB19953-42D5-4915-B832-A34C2D3E6FE2}.Debug|Any CPU.Build.0 = Debug|Any CPU
		{DAB19953-42D5-4915-B832-A34C2D3E6FE2}.Release|Any CPU.ActiveCfg = Release|Any CPU
		{DAB19953-42D5-4915-B832-A34C2D3E6FE2}.Release|Any CPU.Build.0 = Release|Any CPU
	EndGlobalSection
	GlobalSection(SolutionProperties) = preSolution
		HideSolutionNode = FALSE
	EndGlobalSection
EndGlobal
